
Microsoft Visual Studio Solution File, Format Version 12.00
Project("{FAE04EC0-301F-11D3-BF4B-00C04F79EFBC}") = "TodoList", "TodoList\TodoList.csproj", "{01805D8A-7BF3-458A-9968-66C9257B092E}"
EndProject
Global
	GlobalSection(SolutionConfigurationPlatforms) = preSolution
		Debug|Any CPU = Debug|Any CPU
		Release|Any CPU = Release|Any CPU
	EndGlobalSection
	GlobalSection(ProjectConfigurationPlatforms) = postSolution
		{01805D8A-7BF3-458A-9968-66C9257B092E}.Debug|Any CPU.ActiveCfg = Debug|Any CPU
		{01805D8A-7BF3-458A-9968-66C9257B092E}.Debug|Any CPU.Build.0 = Debug|Any CPU
		{01805D8A-7BF3-458A-9968-66C9257B092E}.Release|Any CPU.ActiveCfg = Release|Any CPU
		{01805D8A-7BF3-458A-9968-66C9257B092E}.Release|Any CPU.Build.0 = Release|Any CPU
	EndGlobalSection
EndGlobal
